// !$*UTF8*$!
{
	archiveVersion = 1;
	classes = {
	};
	objectVersion = 50;
	objects = {

/* Begin PBXBuildFile section */
		DE1D5D22208AC239009EFF9D /* AppDelegate.swift in Sources */ = {isa = PBXBuildFile; fileRef = DE1D5D21208AC239009EFF9D /* AppDelegate.swift */; };
		DE1D5D27208AC239009EFF9D /* Main.storyboard in Resources */ = {isa = PBXBuildFile; fileRef = DE1D5D25208AC239009EFF9D /* Main.storyboard */; };
		DE1D5D2A208AC239009EFF9D /* Pure_Wallpaper.xcdatamodeld in Sources */ = {isa = PBXBuildFile; fileRef = DE1D5D28208AC239009EFF9D /* Pure_Wallpaper.xcdatamodeld */; };
		DE1D5D2C208AC23B009EFF9D /* Assets.xcassets in Resources */ = {isa = PBXBuildFile; fileRef = DE1D5D2B208AC23B009EFF9D /* Assets.xcassets */; };
		DE1D5D2F208AC23B009EFF9D /* LaunchScreen.storyboard in Resources */ = {isa = PBXBuildFile; fileRef = DE1D5D2D208AC23B009EFF9D /* LaunchScreen.storyboard */; };
		DE7A545120A267380055F26A /* SettingPopUpViewController.swift in Sources */ = {isa = PBXBuildFile; fileRef = DE7A544F20A267380055F26A /* SettingPopUpViewController.swift */; };
		DE7A545220A267380055F26A /* SettingPopUpViewController.xib in Resources */ = {isa = PBXBuildFile; fileRef = DE7A545020A267380055F26A /* SettingPopUpViewController.xib */; };
		DE7A545420A287890055F26A /* Order.swift in Sources */ = {isa = PBXBuildFile; fileRef = DE7A545320A287890055F26A /* Order.swift */; };
		DEC8FBD8209155DF0071C26F /* HomeViewController.swift in Sources */ = {isa = PBXBuildFile; fileRef = DEC8FBD7209155DF0071C26F /* HomeViewController.swift */; };
		DEC8FBDB209158AD0071C26F /* ImageCollectionViewCell.swift in Sources */ = {isa = PBXBuildFile; fileRef = DEC8FBD9209158AD0071C26F /* ImageCollectionViewCell.swift */; };
		DEC8FBDC209158AD0071C26F /* ImageCollectionViewCell.xib in Resources */ = {isa = PBXBuildFile; fileRef = DEC8FBDA209158AD0071C26F /* ImageCollectionViewCell.xib */; };
/* End PBXBuildFile section */

/* Begin PBXFileReference section */
		DE1D5D1E208AC239009EFF9D /* Shopify.app */ = {isa = PBXFileReference; explicitFileType = wrapper.application; includeInIndex = 0; path = Shopify.app; sourceTree = BUILT_PRODUCTS_DIR; };
		DE1D5D21208AC239009EFF9D /* AppDelegate.swift */ = {isa = PBXFileReference; lastKnownFileType = sourcecode.swift; path = AppDelegate.swift; sourceTree = "<group>"; };
		DE1D5D26208AC239009EFF9D /* Base */ = {isa = PBXFileReference; lastKnownFileType = file.storyboard; name = Base; path = Base.lproj/Main.storyboard; sourceTree = "<group>"; };
		DE1D5D29208AC239009EFF9D /* Pure_Wallpaper.xcdatamodel */ = {isa = PBXFileReference; lastKnownFileType = wrapper.xcdatamodel; path = Pure_Wallpaper.xcdatamodel; sourceTree = "<group>"; };
		DE1D5D2B208AC23B009EFF9D /* Assets.xcassets */ = {isa = PBXFileReference; lastKnownFileType = folder.assetcatalog; path = Assets.xcassets; sourceTree = "<group>"; };
		DE1D5D2E208AC23B009EFF9D /* Base */ = {isa = PBXFileReference; lastKnownFileType = file.storyboard; name = Base; path = Base.lproj/LaunchScreen.storyboard; sourceTree = "<group>"; };
		DE1D5D30208AC23B009EFF9D /* Info.plist */ = {isa = PBXFileReference; lastKnownFileType = text.plist.xml; path = Info.plist; sourceTree = "<group>"; };
		DE7A544F20A267380055F26A /* SettingPopUpViewController.swift */ = {isa = PBXFileReference; lastKnownFileType = sourcecode.swift; path = SettingPopUpViewController.swift; sourceTree = "<group>"; };
		DE7A545020A267380055F26A /* SettingPopUpViewController.xib */ = {isa = PBXFileReference; lastKnownFileType = file.xib; path = SettingPopUpViewController.xib; sourceTree = "<group>"; };
		DE7A545320A287890055F26A /* Order.swift */ = {isa = PBXFileReference; lastKnownFileType = sourcecode.swift; path = Order.swift; sourceTree = "<group>"; };
		DEC8FBD7209155DF0071C26F /* HomeViewController.swift */ = {isa = PBXFileReference; fileEncoding = 4; lastKnownFileType = sourcecode.swift; path = HomeViewController.swift; sourceTree = "<group>"; };
		DEC8FBD9209158AD0071C26F /* ImageCollectionViewCell.swift */ = {isa = PBXFileReference; lastKnownFileType = sourcecode.swift; path = ImageCollectionViewCell.swift; sourceTree = "<group>"; };
		DEC8FBDA209158AD0071C26F /* ImageCollectionViewCell.xib */ = {isa = PBXFileReference; lastKnownFileType = file.xib; path = ImageCollectionViewCell.xib; sourceTree = "<group>"; };
/* End PBXFileReference section */

/* Begin PBXFrameworksBuildPhase section */
		DE1D5D1B208AC239009EFF9D /* Frameworks */ = {
			isa = PBXFrameworksBuildPhase;
			buildActionMask = 2147483647;
			files = (
			);
			runOnlyForDeploymentPostprocessing = 0;
		};
/* End PBXFrameworksBuildPhase section */

/* Begin PBXGroup section */
		DE1D5D15208AC239009EFF9D = {
			isa = PBXGroup;
			children = (
				DE1D5D20208AC239009EFF9D /* Shopify */,
				DE1D5D1F208AC239009EFF9D /* Products */,
			);
			sourceTree = "<group>";
		};
		DE1D5D1F208AC239009EFF9D /* Products */ = {
			isa = PBXGroup;
			children = (
				DE1D5D1E208AC239009EFF9D /* Shopify.app */,
			);
			name = Products;
			sourceTree = "<group>";
		};
		DE1D5D20208AC239009EFF9D /* Shopify */ = {
			isa = PBXGroup;
			children = (
				DEC739BE20A349E80099EE8E /* Home */,
				DEC739BD20A349CA0099EE8E /* Storyboard */,
				DEC739BC20A349A40099EE8E /* Model */,
				DEC739BB20A348410099EE8E /* Settings */,
				DEC739BA20A3482F0099EE8E /* Cell */,
				DE1D5D21208AC239009EFF9D /* AppDelegate.swift */,
				DE1D5D2B208AC23B009EFF9D /* Assets.xcassets */,
				DE1D5D30208AC23B009EFF9D /* Info.plist */,
			);
			path = Shopify;
			sourceTree = "<group>";
		};
		DEC739BA20A3482F0099EE8E /* Cell */ = {
			isa = PBXGroup;
			children = (
				DEC8FBD9209158AD0071C26F /* ImageCollectionViewCell.swift */,
				DEC8FBDA209158AD0071C26F /* ImageCollectionViewCell.xib */,
			);
			path = Cell;
			sourceTree = "<group>";
		};
		DEC739BB20A348410099EE8E /* Settings */ = {
			isa = PBXGroup;
			children = (
				DE7A544F20A267380055F26A /* SettingPopUpViewController.swift */,
				DE7A545020A267380055F26A /* SettingPopUpViewController.xib */,
			);
			path = Settings;
			sourceTree = "<group>";
		};
		DEC739BC20A349A40099EE8E /* Model */ = {
			isa = PBXGroup;
			children = (
				DE1D5D28208AC239009EFF9D /* Pure_Wallpaper.xcdatamodeld */,
				DE7A545320A287890055F26A /* Order.swift */,
			);
			path = Model;
			sourceTree = "<group>";
		};
		DEC739BD20A349CA0099EE8E /* Storyboard */ = {
			isa = PBXGroup;
			children = (
				DE1D5D25208AC239009EFF9D /* Main.storyboard */,
				DE1D5D2D208AC23B009EFF9D /* LaunchScreen.storyboard */,
			);
			path = Storyboard;
			sourceTree = "<group>";
		};
		DEC739BE20A349E80099EE8E /* Home */ = {
			isa = PBXGroup;
			children = (
				DEC8FBD7209155DF0071C26F /* HomeViewController.swift */,
			);
			path = Home;
			sourceTree = "<group>";
		};
/* End PBXGroup section */

/* Begin PBXNativeTarget section */
		DE1D5D1D208AC239009EFF9D /* Shopify */ = {
			isa = PBXNativeTarget;
			buildConfigurationList = DE1D5D33208AC23B009EFF9D /* Build configuration list for PBXNativeTarget "Shopify" */;
			buildPhases = (
				DE1D5D1A208AC239009EFF9D /* Sources */,
				DE1D5D1B208AC239009EFF9D /* Frameworks */,
				DE1D5D1C208AC239009EFF9D /* Resources */,
			);
			buildRules = (
			);
			dependencies = (
			);
			name = Shopify;
			productName = "Pure Wallpaper";
			productReference = DE1D5D1E208AC239009EFF9D /* Shopify.app */;
			productType = "com.apple.product-type.application";
		};
/* End PBXNativeTarget section */

/* Begin PBXProject section */
		DE1D5D16208AC239009EFF9D /* Project object */ = {
			isa = PBXProject;
			attributes = {
				LastSwiftUpdateCheck = 0930;
				LastUpgradeCheck = 0930;
				ORGANIZATIONNAME = com.jpeng.wallpaper.pure;
				TargetAttributes = {
					DE1D5D1D208AC239009EFF9D = {
						CreatedOnToolsVersion = 9.3;
					};
				};
			};
			buildConfigurationList = DE1D5D19208AC239009EFF9D /* Build configuration list for PBXProject "Shopify" */;
			compatibilityVersion = "Xcode 9.3";
			developmentRegion = en;
			hasScannedForEncodings = 0;
			knownRegions = (
				en,
				Base,
			);
			mainGroup = DE1D5D15208AC239009EFF9D;
			productRefGroup = DE1D5D1F208AC239009EFF9D /* Products */;
			projectDirPath = "";
			projectRoot = "";
			targets = (
				DE1D5D1D208AC239009EFF9D /* Shopify */,
			);
		};
/* End PBXProject section */

/* Begin PBXResourcesBuildPhase section */
		DE1D5D1C208AC239009EFF9D /* Resources */ = {
			isa = PBXResourcesBuildPhase;
			buildActionMask = 2147483647;
			files = (
				DE1D5D2F208AC23B009EFF9D /* LaunchScreen.storyboard in Resources */,
				DE1D5D2C208AC23B009EFF9D /* Assets.xcassets in Resources */,
				DEC8FBDC209158AD0071C26F /* ImageCollectionViewCell.xib in Resources */,
				DE1D5D27208AC239009EFF9D /* Main.storyboard in Resources */,
				DE7A545220A267380055F26A /* SettingPopUpViewController.xib in Resources */,
			);
			runOnlyForDeploymentPostprocessing = 0;
		};
/* End PBXResourcesBuildPhase section */

/* Begin PBXSourcesBuildPhase section */
		DE1D5D1A208AC239009EFF9D /* Sources */ = {
			isa = PBXSourcesBuildPhase;
			buildActionMask = 2147483647;
			files = (
				DEC8FBDB209158AD0071C26F /* ImageCollectionViewCell.swift in Sources */,
				DEC8FBD8209155DF0071C26F /* HomeViewController.swift in Sources */,
				DE7A545420A287890055F26A /* Order.swift in Sources */,
				DE7A545120A267380055F26A /* SettingPopUpViewController.swift in Sources */,
				DE1D5D22208AC239009EFF9D /* AppDelegate.swift in Sources */,
				DE1D5D2A208AC239009EFF9D /* Pure_Wallpaper.xcdatamodeld in Sources */,
			);
			runOnlyForDeploymentPostprocessing = 0;
		};
/* End PBXSourcesBuildPhase section */

/* Begin PBXVariantGroup section */
		DE1D5D25208AC239009EFF9D /* Main.storyboard */ = {
			isa = PBXVariantGroup;
			children = (
				DE1D5D26208AC239009EFF9D /* Base */,
			);
			name = Main.storyboard;
			sourceTree = "<group>";
		};
		DE1D5D2D208AC23B009EFF9D /* LaunchScreen.storyboard */ = {
			isa = PBXVariantGroup;
			children = (
				DE1D5D2E208AC23B009EFF9D /* Base */,
			);
			name = LaunchScreen.storyboard;
			sourceTree = "<group>";
		};
/* End PBXVariantGroup section */

/* Begin XCBuildConfiguration section */
		DE1D5D31208AC23B009EFF9D /* Debug */ = {
			isa = XCBuildConfiguration;
			buildSettings = {
				ALWAYS_SEARCH_USER_PATHS = NO;
				CLANG_ANALYZER_NONNULL = YES;
				CLANG_ANALYZER_NUMBER_OBJECT_CONVERSION = YES_AGGRESSIVE;
				CLANG_CXX_LANGUAGE_STANDARD = "gnu++14";
				CLANG_CXX_LIBRARY = "libc++";
				CLANG_ENABLE_MODULES = YES;
				CLANG_ENABLE_OBJC_ARC = YES;
				CLANG_ENABLE_OBJC_WEAK = YES;
				CLANG_WARN_BLOCK_CAPTURE_AUTORELEASING = YES;
				CLANG_WARN_BOOL_CONVERSION = YES;
				CLANG_WARN_COMMA = YES;
				CLANG_WARN_CONSTANT_CONVERSION = YES;
				CLANG_WARN_DEPRECATED_OBJC_IMPLEMENTATIONS = YES;
				CLANG_WARN_DIRECT_OBJC_ISA_USAGE = YES_ERROR;
				CLANG_WARN_DOCUMENTATION_COMMENTS = YES;
				CLANG_WARN_EMPTY_BODY = YES;
				CLANG_WARN_ENUM_CONVERSION = YES;
				CLANG_WARN_INFINITE_RECURSION = YES;
				CLANG_WARN_INT_CONVERSION = YES;
				CLANG_WARN_NON_LITERAL_NULL_CONVERSION = YES;
				CLANG_WARN_OBJC_IMPLICIT_RETAIN_SELF = YES;
				CLANG_WARN_OBJC_LITERAL_CONVERSION = YES;
				CLANG_WARN_OBJC_ROOT_CLASS = YES_ERROR;
				CLANG_WARN_RANGE_LOOP_ANALYSIS = YES;
				CLANG_WARN_STRICT_PROTOTYPES = YES;
				CLANG_WARN_SUSPICIOUS_MOVE = YES;
				CLANG_WARN_UNGUARDED_AVAILABILITY = YES_AGGRESSIVE;
				CLANG_WARN_UNREACHABLE_CODE = YES;
				CLANG_WARN__DUPLICATE_METHOD_MATCH = YES;
				CODE_SIGN_IDENTITY = "iPhone Developer";
				COPY_PHASE_STRIP = NO;
				DEBUG_INFORMATION_FORMAT = dwarf;
				ENABLE_STRICT_OBJC_MSGSEND = YES;
				ENABLE_TESTABILITY = YES;
				GCC_C_LANGUAGE_STANDARD = gnu11;
				GCC_DYNAMIC_NO_PIC = NO;
				GCC_NO_COMMON_BLOCKS = YES;
				GCC_OPTIMIZATION_LEVEL = 0;
				GCC_PREPROCESSOR_DEFINITIONS = (
					"DEBUG=1",
					"$(inherited)",
				);
				GCC_WARN_64_TO_32_BIT_CONVERSION = YES;
				GCC_WARN_ABOUT_RETURN_TYPE = YES_ERROR;
				GCC_WARN_UNDECLARED_SELECTOR = YES;
				GCC_WARN_UNINITIALIZED_AUTOS = YES_AGGRESSIVE;
				GCC_WARN_UNUSED_FUNCTION = YES;
				GCC_WARN_UNUSED_VARIABLE = YES;
				IPHONEOS_DEPLOYMENT_TARGET = 11.3;
				MTL_ENABLE_DEBUG_INFO = YES;
				ONLY_ACTIVE_ARCH = YES;
				SDKROOT = iphoneos;
				SWIFT_ACTIVE_COMPILATION_CONDITIONS = DEBUG;
				SWIFT_OPTIMIZATION_LEVEL = "-Onone";
			};
			name = Debug;
		};
		DE1D5D32208AC23B009EFF9D /* Release */ = {
			isa = XCBuildConfiguration;
			buildSettings = {
				ALWAYS_SEARCH_USER_PATHS = NO;
				CLANG_ANALYZER_NONNULL = YES;
				CLANG_ANALYZER_NUMBER_OBJECT_CONVERSION = YES_AGGRESSIVE;
				CLANG_CXX_LANGUAGE_STANDARD = "gnu++14";
				CLANG_CXX_LIBRARY = "libc++";
				CLANG_ENABLE_MODULES = YES;
				CLANG_ENABLE_OBJC_ARC = YES;
				CLANG_ENABLE_OBJC_WEAK = YES;
				CLANG_WARN_BLOCK_CAPTURE_AUTORELEASING = YES;
				CLANG_WARN_BOOL_CONVERSION = YES;
				CLANG_WARN_COMMA = YES;
				CLANG_WARN_CONSTANT_CONVERSION = YES;
				CLANG_WARN_DEPRECATED_OBJC_IMPLEMENTATIONS = YES;
				CLANG_WARN_DIRECT_OBJC_ISA_USAGE = YES_ERROR;
				CLANG_WARN_DOCUMENTATION_COMMENTS = YES;
				CLANG_WARN_EMPTY_BODY = YES;
				CLANG_WARN_ENUM_CONVERSION = YES;
				CLANG_WARN_INFINITE_RECURSION = YES;
				CLANG_WARN_INT_CONVERSION = YES;
				CLANG_WARN_NON_LITERAL_NULL_CONVERSION = YES;
				CLANG_WARN_OBJC_IMPLICIT_RETAIN_SELF = YES;
				CLANG_WARN_OBJC_LITERAL_CONVERSION = YES;
				CLANG_WARN_OBJC_ROOT_CLASS = YES_ERROR;
				CLANG_WARN_RANGE_LOOP_ANALYSIS = YES;
				CLANG_WARN_STRICT_PROTOTYPES = YES;
				CLANG_WARN_SUSPICIOUS_MOVE = YES;
				CLANG_WARN_UNGUARDED_AVAILABILITY = YES_AGGRESSIVE;
				CLANG_WARN_UNREACHABLE_CODE = YES;
				CLANG_WARN__DUPLICATE_METHOD_MATCH = YES;
				CODE_SIGN_IDENTITY = "iPhone Developer";
				COPY_PHASE_STRIP = NO;
				DEBUG_INFORMATION_FORMAT = "dwarf-with-dsym";
				ENABLE_NS_ASSERTIONS = NO;
				ENABLE_STRICT_OBJC_MSGSEND = YES;
				GCC_C_LANGUAGE_STANDARD = gnu11;
				GCC_NO_COMMON_BLOCKS = YES;
				GCC_WARN_64_TO_32_BIT_CONVERSION = YES;
				GCC_WARN_ABOUT_RETURN_TYPE = YES_ERROR;
				GCC_WARN_UNDECLARED_SELECTOR = YES;
				GCC_WARN_UNINITIALIZED_AUTOS = YES_AGGRESSIVE;
				GCC_WARN_UNUSED_FUNCTION = YES;
				GCC_WARN_UNUSED_VARIABLE = YES;
				IPHONEOS_DEPLOYMENT_TARGET = 11.3;
				MTL_ENABLE_DEBUG_INFO = NO;
				SDKROOT = iphoneos;
				SWIFT_COMPILATION_MODE = wholemodule;
				SWIFT_OPTIMIZATION_LEVEL = "-O";
				VALIDATE_PRODUCT = YES;
			};
			name = Release;
		};
		DE1D5D34208AC23B009EFF9D /* Debug */ = {
			isa = XCBuildConfiguration;
			buildSettings = {
				CODE_SIGN_STYLE = Automatic;
				DEVELOPMENT_TEAM = 6S6P6UTBE2;
				INFOPLIST_FILE = Shopify/Info.plist;
				IPHONEOS_DEPLOYMENT_TARGET = 10.0;
				LD_RUNPATH_SEARCH_PATHS = (
					"$(inherited)",
					"@executable_path/Frameworks",
				);
				PRODUCT_BUNDLE_IDENTIFIER = com.jpeng.go.shopify;
				PRODUCT_NAME = "$(TARGET_NAME)";
				SWIFT_VERSION = 4.0;
				TARGETED_DEVICE_FAMILY = 1;
			};
			name = Debug;
		};
		DE1D5D35208AC23B009EFF9D /* Release */ = {
			isa = XCBuildConfiguration;
			buildSettings = {
				CODE_SIGN_STYLE = Automatic;
				DEVELOPMENT_TEAM = 6S6P6UTBE2;
				INFOPLIST_FILE = Shopify/Info.plist;
				IPHONEOS_DEPLOYMENT_TARGET = 10.0;
				LD_RUNPATH_SEARCH_PATHS = (
					"$(inherited)",
					"@executable_path/Frameworks",
				);
				PRODUCT_BUNDLE_IDENTIFIER = com.jpeng.go.shopify;
				PRODUCT_NAME = "$(TARGET_NAME)";
				SWIFT_VERSION = 4.0;
				TARGETED_DEVICE_FAMILY = 1;
			};
			name = Release;
		};
/* End XCBuildConfiguration section */

/* Begin XCConfigurationList section */
		DE1D5D19208AC239009EFF9D /* Build configuration list for PBXProject "Shopify" */ = {
			isa = XCConfigurationList;
			buildConfigurations = (
				DE1D5D31208AC23B009EFF9D /* Debug */,
				DE1D5D32208AC23B009EFF9D /* Release */,
			);
			defaultConfigurationIsVisible = 0;
			defaultConfigurationName = Release;
		};
		DE1D5D33208AC23B009EFF9D /* Build configuration list for PBXNativeTarget "Shopify" */ = {
			isa = XCConfigurationList;
			buildConfigurations = (
				DE1D5D34208AC23B009EFF9D /* Debug */,
				DE1D5D35208AC23B009EFF9D /* Release */,
			);
			defaultConfigurationIsVisible = 0;
			defaultConfigurationName = Release;
		};
/* End XCConfigurationList section */

/* Begin XCVersionGroup section */
		DE1D5D28208AC239009EFF9D /* Pure_Wallpaper.xcdatamodeld */ = {
			isa = XCVersionGroup;
			children = (
				DE1D5D29208AC239009EFF9D /* Pure_Wallpaper.xcdatamodel */,
			);
			currentVersion = DE1D5D29208AC239009EFF9D /* Pure_Wallpaper.xcdatamodel */;
			path = Pure_Wallpaper.xcdatamodeld;
			sourceTree = "<group>";
			versionGroupType = wrapper.xcdatamodel;
		};
/* End XCVersionGroup section */
	};
	rootObject = DE1D5D16208AC239009EFF9D /* Project object */;
}
